
Microsoft Visual Studio Solution File, Format Version 11.00
# Visual C++ Express 2010
Project("{8BC9CEB8-8B4A-11D0-8D11-00A0C91BC942}") = "aslib", "aslib.vcxproj", "{0C2DF0EC-3D99-4899-9F21-6E5860E1948A}"
EndProject
Project("{8BC9CEB8-8B4A-11D0-8D11-00A0C91BC942}") = "test", "test\test.vcxproj", "{317F29FE-3AA0-48F3-A81E-E1E12EDE8308}"
EndProject
Global
	GlobalSection(SolutionConfigurationPlatforms) = preSolution
		Debug|Win32 = Debug|Win32
		Release|Win32 = Release|Win32
	EndGlobalSection
	GlobalSection(ProjectConfigurationPlatforms) = postSolution
		{0C2DF0EC-3D99-4899-9F21-6E5860E1948A}.Debug|Win32.ActiveCfg = Debug|Win32
		{0C2DF0EC-3D99-4899-9F21-6E5860E1948A}.Debug|Win32.Build.0 = Debug|Win32
		{0C2DF0EC-3D99-4899-9F21-6E5860E1948A}.Release|Win32.ActiveCfg = Release|Win32
		{0C2DF0EC-3D99-4899-9F21-6E5860E1948A}.Release|Win32.Build.0 = Release|Win32
		{317F29FE-3AA0-48F3-A81E-E1E12EDE8308}.Debug|Win32.ActiveCfg = Debug|Win32
		{317F29FE-3AA0-48F3-A81E-E1E12EDE8308}.Debug|Win32.Build.0 = Debug|Win32
		{317F29FE-3AA0-48F3-A81E-E1E12EDE8308}.Release|Win32.ActiveCfg = Release|Win32
		{317F29FE-3AA0-48F3-A81E-E1E12EDE8308}.Release|Win32.Build.0 = Release|Win32
	EndGlobalSection
	GlobalSection(SolutionProperties) = preSolution
		HideSolutionNode = FALSE
	EndGlobalSection
EndGlobal
